
Microsoft Visual Studio Solution File, Format Version 12.00
# Visual Studio 15
VisualStudioVersion = 15.0.28010.2036
MinimumVisualStudioVersion = 10.0.40219.1
Project("{8BC9CEB8-8B4A-11D0-8D11-00A0C91BC942}") = "Packers", "Packers.vcxproj", "{A38998A6-4E3E-47DA-9D85-9FD790510CEC}"
EndProject
Global
	GlobalSection(SolutionConfigurationPlatforms) = preSolution
		Debug|x64 = Debug|x64
		Debug|x86 = Debug|x86
		Release|x64 = Release|x64
		Release|x86 = Release|x86
	EndGlobalSection
	GlobalSection(ProjectConfigurationPlatforms) = postSolution
		{A38998A6-4E3E-47DA-9D85-9FD790510CEC}.Debug|x64.ActiveCfg = Debug|x64
		{A38998A6-4E3E-47DA-9D85-9FD790510CEC}.Debug|x64.Build.0 = Debug|x64
		{A38998A6-4E3E-47DA-9D85-9FD790510CEC}.Debug|x86.ActiveCfg = Debug|Win32
		{A38998A6-4E3E-47DA-9D85-9FD790510CEC}.Debug|x86.Build.0 = Debug|Win32
		{A38998A6-4E3E-47DA-9D85-9FD790510CEC}.Release|x64.ActiveCfg = Release|x64
		{A38998A6-4E3E-47DA-9D85-9FD790510CEC}.Release|x64.Build.0 = Release|x64
		{A38998A6-4E3E-47DA-9D85-9FD790510CEC}.Release|x86.ActiveCfg = Release|Win32
		{A38998A6-4E3E-47DA-9D85-9FD790510CEC}.Release|x86.Build.0 = Release|Win32
	EndGlobalSection
	GlobalSection(SolutionProperties) = preSolution
		HideSolutionNode = FALSE
	EndGlobalSection
	GlobalSection(ExtensibilityGlobals) = postSolution
		SolutionGuid = {940C28EF-D758-4A2C-8612-3767D50DE256}
	EndGlobalSection
EndGlobal
